
Microsoft Visual Studio Solution File, Format Version 12.00
# Visual Studio 2012
Project("{F184B08F-C81C-45F6-A57F-5ABD9991F28F}") = "WindowsApplication1", "WindowsApplication1\WindowsApplication1.vbproj", "{5E09DA06-E28B-4916-9FEF-5E1EA04CC55B}"
EndProject
Global
	GlobalSection(SolutionConfigurationPlatforms) = preSolution
		Debug|Any CPU = Debug|Any CPU
		Release|Any CPU = Release|Any CPU
	EndGlobalSection
	GlobalSection(ProjectConfigurationPlatforms) = postSolution
		{5E09DA06-E28B-4916-9FEF-5E1EA04CC55B}.Debug|Any CPU.ActiveCfg = Debug|Any CPU
		{5E09DA06-E28B-4916-9FEF-5E1EA04CC55B}.Debug|Any CPU.Build.0 = Debug|Any CPU
		{5E09DA06-E28B-4916-9FEF-5E1EA04CC55B}.Release|Any CPU.ActiveCfg = Release|Any CPU
		{5E09DA06-E28B-4916-9FEF-5E1EA04CC55B}.Release|Any CPU.Build.0 = Release|Any CPU
	EndGlobalSection
	GlobalSection(SolutionProperties) = preSolution
		HideSolutionNode = FALSE
	EndGlobalSection
EndGlobal
